
Microsoft Visual Studio Solution File, Format Version 12.00
# Visual Studio 14
VisualStudioVersion = 14.0.25420.1
MinimumVisualStudioVersion = 10.0.40219.1
Project("{E24C65DC-7377-472B-9ABA-BC803B73C61A}") = "DVCS_Website", "DVCS_Website\", "{340EF2B4-CB3A-4319-A3EF-C162FA490789}"
	ProjectSection(WebsiteProperties) = preProject
		TargetFrameworkMoniker = ".NETFramework,Version%3Dv4.5.2"
		Debug.AspNetCompiler.VirtualPath = "/localhost_14189"
		Debug.AspNetCompiler.PhysicalPath = "DVCS_Website\"
		Debug.AspNetCompiler.TargetPath = "PrecompiledWeb\localhost_14189\"
		Debug.AspNetCompiler.Updateable = "true"
		Debug.AspNetCompiler.ForceOverwrite = "true"
		Debug.AspNetCompiler.FixedNames = "false"
		Debug.AspNetCompiler.Debug = "True"
		Release.AspNetCompiler.VirtualPath = "/localhost_14189"
		Release.AspNetCompiler.PhysicalPath = "DVCS_Website\"
		Release.AspNetCompiler.TargetPath = "PrecompiledWeb\localhost_14189\"
		Release.AspNetCompiler.Updateable = "true"
		Release.AspNetCompiler.ForceOverwrite = "true"
		Release.AspNetCompiler.FixedNames = "false"
		Release.AspNetCompiler.Debug = "False"
		VWDPort = "14189"
		SlnRelativePath = "DVCS_Website\"
		DefaultWebSiteLanguage = "Visual C#"
	EndProjectSection
EndProject
Project("{FAE04EC0-301F-11D3-BF4B-00C04F79EFBC}") = "System.Data", "System.Data\System.Data.csproj", "{7F28BC4D-AC7A-4189-B116-F4311DDCF18F}"
EndProject
Project("{FAE04EC0-301F-11D3-BF4B-00C04F79EFBC}") = "System.System", "System.System\System.System.csproj", "{066E995C-4F36-495E-B7E9-DCA5ACA491DC}"
EndProject
Global
	GlobalSection(SolutionConfigurationPlatforms) = preSolution
		Debug|Any CPU = Debug|Any CPU
		Release|Any CPU = Release|Any CPU
	EndGlobalSection
	GlobalSection(ProjectConfigurationPlatforms) = postSolution
		{340EF2B4-CB3A-4319-A3EF-C162FA490789}.Debug|Any CPU.ActiveCfg = Debug|Any CPU
		{340EF2B4-CB3A-4319-A3EF-C162FA490789}.Debug|Any CPU.Build.0 = Debug|Any CPU
		{340EF2B4-CB3A-4319-A3EF-C162FA490789}.Release|Any CPU.ActiveCfg = Debug|Any CPU
		{340EF2B4-CB3A-4319-A3EF-C162FA490789}.Release|Any CPU.Build.0 = Debug|Any CPU
		{7F28BC4D-AC7A-4189-B116-F4311DDCF18F}.Debug|Any CPU.ActiveCfg = Debug|Any CPU
		{7F28BC4D-AC7A-4189-B116-F4311DDCF18F}.Debug|Any CPU.Build.0 = Debug|Any CPU
		{7F28BC4D-AC7A-4189-B116-F4311DDCF18F}.Release|Any CPU.ActiveCfg = Release|Any CPU
		{7F28BC4D-AC7A-4189-B116-F4311DDCF18F}.Release|Any CPU.Build.0 = Release|Any CPU
		{066E995C-4F36-495E-B7E9-DCA5ACA491DC}.Debug|Any CPU.ActiveCfg = Debug|Any CPU
		{066E995C-4F36-495E-B7E9-DCA5ACA491DC}.Debug|Any CPU.Build.0 = Debug|Any CPU
		{066E995C-4F36-495E-B7E9-DCA5ACA491DC}.Release|Any CPU.ActiveCfg = Release|Any CPU
		{066E995C-4F36-495E-B7E9-DCA5ACA491DC}.Release|Any CPU.Build.0 = Release|Any CPU
	EndGlobalSection
	GlobalSection(SolutionProperties) = preSolution
		HideSolutionNode = FALSE
	EndGlobalSection
EndGlobal
